
Microsoft Visual Studio Solution File, Format Version 12.00
# Visual Studio Version 17
VisualStudioVersion = 17.5.002.0
MinimumVisualStudioVersion = 10.0.40219.1
Project("{2150E333-8FDC-42A3-9474-1A3956D46DE8}") = "sandbox", "sandbox", "{052BF8A1-F83C-4F54-9F5B-A06C302475C0}"
EndProject
Project("{9A19103F-16F7-4668-BE54-9A1E7A4F7556}") = "sandbox_project", "sandbox\sandbox_project\sandbox_project.csproj", "{8851444F-4EAC-4C5A-A35E-58951500C60C}"
EndProject
Project("{2150E333-8FDC-42A3-9474-1A3956D46DE8}") = "week01", "week01", "{992E66B7-FA3A-40EE-9CA8-75445FE25D8B}"
EndProject
Project("{9A19103F-16F7-4668-BE54-9A1E7A4F7556}") = "analyze", "week01\analyze\analyze.csproj", "{D2FF1C43-5913-4B7C-8AFA-9826AA3B9484}"
EndProject
Project("{9A19103F-16F7-4668-BE54-9A1E7A4F7556}") = "code", "week01\code\code.csproj", "{848B32D2-663F-4FA1-A8F9-D4B42F8D9EBB}"
EndProject
Project("{9A19103F-16F7-4668-BE54-9A1E7A4F7556}") = "teach", "week01\teach\teach.csproj", "{BB5B59C9-FFA8-4DEE-BB09-DB330A9AA76F}"
EndProject
Project("{2150E333-8FDC-42A3-9474-1A3956D46DE8}") = "week02", "week02", "{619D14B8-2857-4C64-B934-1FB00889378A}"
EndProject
Project("{9A19103F-16F7-4668-BE54-9A1E7A4F7556}") = "analyze", "week02\analyze\analyze.csproj", "{CB0BEAD3-531C-46E3-B21C-6032D78B9386}"
EndProject
Project("{9A19103F-16F7-4668-BE54-9A1E7A4F7556}") = "code", "week02\code\code.csproj", "{9E68F7A2-5236-4738-925F-88FBD4A2D368}"
EndProject
Project("{9A19103F-16F7-4668-BE54-9A1E7A4F7556}") = "learn", "week02\learn\learn.csproj", "{13E52F64-0A68-4C65-AC28-9341525E9EF0}"
EndProject
Project("{9A19103F-16F7-4668-BE54-9A1E7A4F7556}") = "teach", "week02\teach\teach.csproj", "{C02355A0-6AB6-43A1-A0E0-10A3AC5D136E}"
EndProject
Project("{2150E333-8FDC-42A3-9474-1A3956D46DE8}") = "week03", "week03", "{8F9C8E46-7712-4CD1-9903-90A404C5AA87}"
EndProject
Project("{9A19103F-16F7-4668-BE54-9A1E7A4F7556}") = "code", "week03\code\code.csproj", "{FE0524D8-8B86-47F2-8D96-2D5BDFDC1DC9}"
EndProject
Project("{9A19103F-16F7-4668-BE54-9A1E7A4F7556}") = "learn", "week03\learn\learn.csproj", "{63379CFB-046B-4F96-9835-6250CCC136E0}"
EndProject
Project("{9A19103F-16F7-4668-BE54-9A1E7A4F7556}") = "teach", "week03\teach\teach.csproj", "{68C35F6E-0E09-448F-B57F-17CE9841877E}"
EndProject
Project("{2150E333-8FDC-42A3-9474-1A3956D46DE8}") = "week04", "week04", "{580F51E2-E740-4AB9-9C7F-8A0578FD2427}"
EndProject
Project("{9A19103F-16F7-4668-BE54-9A1E7A4F7556}") = "code", "week04\code\code.csproj", "{F0B8E683-8576-45B8-8849-9CD93EBCB2B5}"
EndProject
Project("{2150E333-8FDC-42A3-9474-1A3956D46DE8}") = "week05", "week05", "{CF833F1F-36AA-4CE2-AD51-2959907265D6}"
EndProject
Project("{9A19103F-16F7-4668-BE54-9A1E7A4F7556}") = "code", "week05\code\code.csproj", "{F20DE77C-B7DE-4FC4-B5DF-2F85F73D54FA}"
EndProject
Project("{2150E333-8FDC-42A3-9474-1A3956D46DE8}") = "week06", "week06", "{53D20C87-EB13-4620-A304-6C1D70ED3DCD}"
EndProject
Project("{9A19103F-16F7-4668-BE54-9A1E7A4F7556}") = "code", "week06\code\code.csproj", "{E0C15D75-C5AD-4F68-B792-97395DCE0C73}"
EndProject
Global
	GlobalSection(SolutionConfigurationPlatforms) = preSolution
		Debug|Any CPU = Debug|Any CPU
		Release|Any CPU = Release|Any CPU
	EndGlobalSection
	GlobalSection(ProjectConfigurationPlatforms) = postSolution
		{8851444F-4EAC-4C5A-A35E-58951500C60C}.Debug|Any CPU.ActiveCfg = Debug|Any CPU
		{8851444F-4EAC-4C5A-A35E-58951500C60C}.Debug|Any CPU.Build.0 = Debug|Any CPU
		{8851444F-4EAC-4C5A-A35E-58951500C60C}.Release|Any CPU.ActiveCfg = Release|Any CPU
		{8851444F-4EAC-4C5A-A35E-58951500C60C}.Release|Any CPU.Build.0 = Release|Any CPU
		{D2FF1C43-5913-4B7C-8AFA-9826AA3B9484}.Debug|Any CPU.ActiveCfg = Debug|Any CPU
		{D2FF1C43-5913-4B7C-8AFA-9826AA3B9484}.Debug|Any CPU.Build.0 = Debug|Any CPU
		{D2FF1C43-5913-4B7C-8AFA-9826AA3B9484}.Release|Any CPU.ActiveCfg = Release|Any CPU
		{D2FF1C43-5913-4B7C-8AFA-9826AA3B9484}.Release|Any CPU.Build.0 = Release|Any CPU
		{848B32D2-663F-4FA1-A8F9-D4B42F8D9EBB}.Debug|Any CPU.ActiveCfg = Debug|Any CPU
		{848B32D2-663F-4FA1-A8F9-D4B42F8D9EBB}.Debug|Any CPU.Build.0 = Debug|Any CPU
		{848B32D2-663F-4FA1-A8F9-D4B42F8D9EBB}.Release|Any CPU.ActiveCfg = Release|Any CPU
		{848B32D2-663F-4FA1-A8F9-D4B42F8D9EBB}.Release|Any CPU.Build.0 = Release|Any CPU
		{BB5B59C9-FFA8-4DEE-BB09-DB330A9AA76F}.Debug|Any CPU.ActiveCfg = Debug|Any CPU
		{BB5B59C9-FFA8-4DEE-BB09-DB330A9AA76F}.Debug|Any CPU.Build.0 = Debug|Any CPU
		{BB5B59C9-FFA8-4DEE-BB09-DB330A9AA76F}.Release|Any CPU.ActiveCfg = Release|Any CPU
		{BB5B59C9-FFA8-4DEE-BB09-DB330A9AA76F}.Release|Any CPU.Build.0 = Release|Any CPU
		{CB0BEAD3-531C-46E3-B21C-6032D78B9386}.Debug|Any CPU.ActiveCfg = Debug|Any CPU
		{CB0BEAD3-531C-46E3-B21C-6032D78B9386}.Debug|Any CPU.Build.0 = Debug|Any CPU
		{CB0BEAD3-531C-46E3-B21C-6032D78B9386}.Release|Any CPU.ActiveCfg = Release|Any CPU
		{CB0BEAD3-531C-46E3-B21C-6032D78B9386}.Release|Any CPU.Build.0 = Release|Any CPU
		{9E68F7A2-5236-4738-925F-88FBD4A2D368}.Debug|Any CPU.ActiveCfg = Debug|Any CPU
		{9E68F7A2-5236-4738-925F-88FBD4A2D368}.Debug|Any CPU.Build.0 = Debug|Any CPU
		{9E68F7A2-5236-4738-925F-88FBD4A2D368}.Release|Any CPU.ActiveCfg = Release|Any CPU
		{9E68F7A2-5236-4738-925F-88FBD4A2D368}.Release|Any CPU.Build.0 = Release|Any CPU
		{13E52F64-0A68-4C65-AC28-9341525E9EF0}.Debug|Any CPU.ActiveCfg = Debug|Any CPU
		{13E52F64-0A68-4C65-AC28-9341525E9EF0}.Debug|Any CPU.Build.0 = Debug|Any CPU
		{13E52F64-0A68-4C65-AC28-9341525E9EF0}.Release|Any CPU.ActiveCfg = Release|Any CPU
		{13E52F64-0A68-4C65-AC28-9341525E9EF0}.Release|Any CPU.Build.0 = Release|Any CPU
		{C02355A0-6AB6-43A1-A0E0-10A3AC5D136E}.Debug|Any CPU.ActiveCfg = Debug|Any CPU
		{C02355A0-6AB6-43A1-A0E0-10A3AC5D136E}.Debug|Any CPU.Build.0 = Debug|Any CPU
		{C02355A0-6AB6-43A1-A0E0-10A3AC5D136E}.Release|Any CPU.ActiveCfg = Release|Any CPU
		{C02355A0-6AB6-43A1-A0E0-10A3AC5D136E}.Release|Any CPU.Build.0 = Release|Any CPU
		{FE0524D8-8B86-47F2-8D96-2D5BDFDC1DC9}.Debug|Any CPU.ActiveCfg = Debug|Any CPU
		{FE0524D8-8B86-47F2-8D96-2D5BDFDC1DC9}.Debug|Any CPU.Build.0 = Debug|Any CPU
		{FE0524D8-8B86-47F2-8D96-2D5BDFDC1DC9}.Release|Any CPU.ActiveCfg = Release|Any CPU
		{FE0524D8-8B86-47F2-8D96-2D5BDFDC1DC9}.Release|Any CPU.Build.0 = Release|Any CPU
		{63379CFB-046B-4F96-9835-6250CCC136E0}.Debug|Any CPU.ActiveCfg = Debug|Any CPU
		{63379CFB-046B-4F96-9835-6250CCC136E0}.Debug|Any CPU.Build.0 = Debug|Any CPU
		{63379CFB-046B-4F96-9835-6250CCC136E0}.Release|Any CPU.ActiveCfg = Release|Any CPU
		{63379CFB-046B-4F96-9835-6250CCC136E0}.Release|Any CPU.Build.0 = Release|Any CPU
		{68C35F6E-0E09-448F-B57F-17CE9841877E}.Debug|Any CPU.ActiveCfg = Debug|Any CPU
		{68C35F6E-0E09-448F-B57F-17CE9841877E}.Debug|Any CPU.Build.0 = Debug|Any CPU
		{68C35F6E-0E09-448F-B57F-17CE9841877E}.Release|Any CPU.ActiveCfg = Release|Any CPU
		{68C35F6E-0E09-448F-B57F-17CE9841877E}.Release|Any CPU.Build.0 = Release|Any CPU
		{F0B8E683-8576-45B8-8849-9CD93EBCB2B5}.Debug|Any CPU.ActiveCfg = Debug|Any CPU
		{F0B8E683-8576-45B8-8849-9CD93EBCB2B5}.Debug|Any CPU.Build.0 = Debug|Any CPU
		{F0B8E683-8576-45B8-8849-9CD93EBCB2B5}.Release|Any CPU.ActiveCfg = Release|Any CPU
		{F0B8E683-8576-45B8-8849-9CD93EBCB2B5}.Release|Any CPU.Build.0 = Release|Any CPU
		{F20DE77C-B7DE-4FC4-B5DF-2F85F73D54FA}.Debug|Any CPU.ActiveCfg = Debug|Any CPU
		{F20DE77C-B7DE-4FC4-B5DF-2F85F73D54FA}.Debug|Any CPU.Build.0 = Debug|Any CPU
		{F20DE77C-B7DE-4FC4-B5DF-2F85F73D54FA}.Release|Any CPU.ActiveCfg = Release|Any CPU
		{F20DE77C-B7DE-4FC4-B5DF-2F85F73D54FA}.Release|Any CPU.Build.0 = Release|Any CPU
		{E0C15D75-C5AD-4F68-B792-97395DCE0C73}.Debug|Any CPU.ActiveCfg = Debug|Any CPU
		{E0C15D75-C5AD-4F68-B792-97395DCE0C73}.Debug|Any CPU.Build.0 = Debug|Any CPU
		{E0C15D75-C5AD-4F68-B792-97395DCE0C73}.Release|Any CPU.ActiveCfg = Release|Any CPU
		{E0C15D75-C5AD-4F68-B792-97395DCE0C73}.Release|Any CPU.Build.0 = Release|Any CPU
	EndGlobalSection
	GlobalSection(SolutionProperties) = preSolution
		HideSolutionNode = FALSE
	EndGlobalSection
	GlobalSection(NestedProjects) = preSolution
		{8851444F-4EAC-4C5A-A35E-58951500C60C} = {052BF8A1-F83C-4F54-9F5B-A06C302475C0}
		{D2FF1C43-5913-4B7C-8AFA-9826AA3B9484} = {992E66B7-FA3A-40EE-9CA8-75445FE25D8B}
		{848B32D2-663F-4FA1-A8F9-D4B42F8D9EBB} = {992E66B7-FA3A-40EE-9CA8-75445FE25D8B}
		{BB5B59C9-FFA8-4DEE-BB09-DB330A9AA76F} = {992E66B7-FA3A-40EE-9CA8-75445FE25D8B}
		{CB0BEAD3-531C-46E3-B21C-6032D78B9386} = {619D14B8-2857-4C64-B934-1FB00889378A}
		{9E68F7A2-5236-4738-925F-88FBD4A2D368} = {619D14B8-2857-4C64-B934-1FB00889378A}
		{13E52F64-0A68-4C65-AC28-9341525E9EF0} = {619D14B8-2857-4C64-B934-1FB00889378A}
		{C02355A0-6AB6-43A1-A0E0-10A3AC5D136E} = {619D14B8-2857-4C64-B934-1FB00889378A}
		{FE0524D8-8B86-47F2-8D96-2D5BDFDC1DC9} = {8F9C8E46-7712-4CD1-9903-90A404C5AA87}
		{63379CFB-046B-4F96-9835-6250CCC136E0} = {8F9C8E46-7712-4CD1-9903-90A404C5AA87}
		{68C35F6E-0E09-448F-B57F-17CE9841877E} = {8F9C8E46-7712-4CD1-9903-90A404C5AA87}
		{F0B8E683-8576-45B8-8849-9CD93EBCB2B5} = {580F51E2-E740-4AB9-9C7F-8A0578FD2427}
		{F20DE77C-B7DE-4FC4-B5DF-2F85F73D54FA} = {CF833F1F-36AA-4CE2-AD51-2959907265D6}
		{E0C15D75-C5AD-4F68-B792-97395DCE0C73} = {53D20C87-EB13-4620-A304-6C1D70ED3DCD}
	EndGlobalSection
	GlobalSection(ExtensibilityGlobals) = postSolution
		SolutionGuid = {D5F8B4CB-ADD2-42BF-B740-5D29608FB8D3}
	EndGlobalSection
EndGlobal
